// !$*UTF8*$!
{
	archiveVersion = 1;
	classes = {
	};
	objectVersion = 60;
	objects = {

/* Begin PBXBuildFile section */
		3628AC932B7E8CF5002C0676 /* UIHelper.swift in Sources */ = {isa = PBXBuildFile; fileRef = 3628AC922B7E8CF5002C0676 /* UIHelper.swift */; };
		3628AC9B2B816F2B002C0676 /* GFEmptyStateView.swift in Sources */ = {isa = PBXBuildFile; fileRef = 3628AC9A2B816F2B002C0676 /* GFEmptyStateView.swift */; };
		3628AC9D2B8278CA002C0676 /* UserInfoVC.swift in Sources */ = {isa = PBXBuildFile; fileRef = 3628AC9C2B8278CA002C0676 /* UserInfoVC.swift */; };
		3628AC9F2B836DCD002C0676 /* GFSecondaryTitleLabel.swift in Sources */ = {isa = PBXBuildFile; fileRef = 3628AC9E2B836DCD002C0676 /* GFSecondaryTitleLabel.swift */; };
		3628ACA12B836EAE002C0676 /* GFUserInfoHeaderVC.swift in Sources */ = {isa = PBXBuildFile; fileRef = 3628ACA02B836EAE002C0676 /* GFUserInfoHeaderVC.swift */; };
		3628ACA32B837455002C0676 /* Constants.swift in Sources */ = {isa = PBXBuildFile; fileRef = 3628ACA22B837455002C0676 /* Constants.swift */; };
		3628ACA52B83845A002C0676 /* GFItemInfoView.swift in Sources */ = {isa = PBXBuildFile; fileRef = 3628ACA42B83845A002C0676 /* GFItemInfoView.swift */; };
		3628ACA72B838CF9002C0676 /* GFItemInfoVC.swift in Sources */ = {isa = PBXBuildFile; fileRef = 3628ACA62B838CF9002C0676 /* GFItemInfoVC.swift */; };
		3628ACA92B8390C0002C0676 /* GFRepoItemVC.swift in Sources */ = {isa = PBXBuildFile; fileRef = 3628ACA82B8390C0002C0676 /* GFRepoItemVC.swift */; };
		3628ACAB2B839320002C0676 /* GFFollowerItemVC.swift in Sources */ = {isa = PBXBuildFile; fileRef = 3628ACAA2B839320002C0676 /* GFFollowerItemVC.swift */; };
		364118542B6E5FFB00305849 /* AppDelegate.swift in Sources */ = {isa = PBXBuildFile; fileRef = 364118532B6E5FFB00305849 /* AppDelegate.swift */; };
		364118562B6E5FFB00305849 /* SceneDelegate.swift in Sources */ = {isa = PBXBuildFile; fileRef = 364118552B6E5FFB00305849 /* SceneDelegate.swift */; };
		3641185D2B6E5FFC00305849 /* Assets.xcassets in Resources */ = {isa = PBXBuildFile; fileRef = 3641185C2B6E5FFC00305849 /* Assets.xcassets */; };
		364118602B6E5FFC00305849 /* LaunchScreen.storyboard in Resources */ = {isa = PBXBuildFile; fileRef = 3641185E2B6E5FFC00305849 /* LaunchScreen.storyboard */; };
		364118682B6E630A00305849 /* SearchVC.swift in Sources */ = {isa = PBXBuildFile; fileRef = 364118672B6E630A00305849 /* SearchVC.swift */; };
		3641186A2B6E634600305849 /* FavoritesListVC.swift in Sources */ = {isa = PBXBuildFile; fileRef = 364118692B6E634600305849 /* FavoritesListVC.swift */; };
		3647C3AC2B8570FA009F0A7C /* GFAlertContainerView.swift in Sources */ = {isa = PBXBuildFile; fileRef = 3647C3AB2B8570FA009F0A7C /* GFAlertContainerView.swift */; };
		3647C3AE2B857F68009F0A7C /* GFDataLoadingVC.swift in Sources */ = {isa = PBXBuildFile; fileRef = 3647C3AD2B857F68009F0A7C /* GFDataLoadingVC.swift */; };
		36AE76282B83C96200D17C64 /* Date+Ext..swift in Sources */ = {isa = PBXBuildFile; fileRef = 36AE76272B83C96200D17C64 /* Date+Ext..swift */; };
		36AE762C2B84E8B700D17C64 /* PersistenceManager.swift in Sources */ = {isa = PBXBuildFile; fileRef = 36AE762B2B84E8B700D17C64 /* PersistenceManager.swift */; };
		36AE76302B855ADB00D17C64 /* FavoriteCell.swift in Sources */ = {isa = PBXBuildFile; fileRef = 36AE762F2B855ADB00D17C64 /* FavoriteCell.swift */; };
		36AE76322B85663400D17C64 /* GFTabBarController.swift in Sources */ = {isa = PBXBuildFile; fileRef = 36AE76312B85663400D17C64 /* GFTabBarController.swift */; };
		36C8ED8D2B702777008F91D5 /* GFButton.swift in Sources */ = {isa = PBXBuildFile; fileRef = 36C8ED8C2B702777008F91D5 /* GFButton.swift */; };
		36C8ED8F2B702AAB008F91D5 /* GFTextField.swift in Sources */ = {isa = PBXBuildFile; fileRef = 36C8ED8E2B702AAB008F91D5 /* GFTextField.swift */; };
		36C8ED912B7038FD008F91D5 /* FollowerListVC.swift in Sources */ = {isa = PBXBuildFile; fileRef = 36C8ED902B7038FD008F91D5 /* FollowerListVC.swift */; };
		36C8ED932B704CF1008F91D5 /* GFTitleLabel.swift in Sources */ = {isa = PBXBuildFile; fileRef = 36C8ED922B704CF1008F91D5 /* GFTitleLabel.swift */; };
		36C8ED952B704E8D008F91D5 /* GFBodyLabel.swift in Sources */ = {isa = PBXBuildFile; fileRef = 36C8ED942B704E8D008F91D5 /* GFBodyLabel.swift */; };
		36C8ED972B704F55008F91D5 /* GFAlertVC.swift in Sources */ = {isa = PBXBuildFile; fileRef = 36C8ED962B704F55008F91D5 /* GFAlertVC.swift */; };
		36C8ED992B70E1E7008F91D5 /* UIViewController+Ext.swift in Sources */ = {isa = PBXBuildFile; fileRef = 36C8ED982B70E1E7008F91D5 /* UIViewController+Ext.swift */; };
		36C8EDA02B70E7E2008F91D5 /* Follower.swift in Sources */ = {isa = PBXBuildFile; fileRef = 36C8ED9F2B70E7E2008F91D5 /* Follower.swift */; };
		36C8EDA22B70E861008F91D5 /* User.swift in Sources */ = {isa = PBXBuildFile; fileRef = 36C8EDA12B70E861008F91D5 /* User.swift */; };
		36C8EDA52B70ED30008F91D5 /* NetworkManager.swift in Sources */ = {isa = PBXBuildFile; fileRef = 36C8EDA42B70ED30008F91D5 /* NetworkManager.swift */; };
		36C8EDA82B71043A008F91D5 /* ErrorMessage.swift in Sources */ = {isa = PBXBuildFile; fileRef = 36C8EDA72B71043A008F91D5 /* ErrorMessage.swift */; };
		36C8EDAC2B711100008F91D5 /* FollowerCell.swift in Sources */ = {isa = PBXBuildFile; fileRef = 36C8EDAB2B711100008F91D5 /* FollowerCell.swift */; };
		36C8EDAE2B711245008F91D5 /* GFAvatarImageView.swift in Sources */ = {isa = PBXBuildFile; fileRef = 36C8EDAD2B711245008F91D5 /* GFAvatarImageView.swift */; };
/* End PBXBuildFile section */

/* Begin PBXFileReference section */
		3628AC922B7E8CF5002C0676 /* UIHelper.swift */ = {isa = PBXFileReference; lastKnownFileType = sourcecode.swift; path = UIHelper.swift; sourceTree = "<group>"; };
		3628AC9A2B816F2B002C0676 /* GFEmptyStateView.swift */ = {isa = PBXFileReference; lastKnownFileType = sourcecode.swift; path = GFEmptyStateView.swift; sourceTree = "<group>"; };
		3628AC9C2B8278CA002C0676 /* UserInfoVC.swift */ = {isa = PBXFileReference; lastKnownFileType = sourcecode.swift; path = UserInfoVC.swift; sourceTree = "<group>"; };
		3628AC9E2B836DCD002C0676 /* GFSecondaryTitleLabel.swift */ = {isa = PBXFileReference; lastKnownFileType = sourcecode.swift; path = GFSecondaryTitleLabel.swift; sourceTree = "<group>"; };
		3628ACA02B836EAE002C0676 /* GFUserInfoHeaderVC.swift */ = {isa = PBXFileReference; lastKnownFileType = sourcecode.swift; path = GFUserInfoHeaderVC.swift; sourceTree = "<group>"; };
		3628ACA22B837455002C0676 /* Constants.swift */ = {isa = PBXFileReference; lastKnownFileType = sourcecode.swift; path = Constants.swift; sourceTree = "<group>"; };
		3628ACA42B83845A002C0676 /* GFItemInfoView.swift */ = {isa = PBXFileReference; lastKnownFileType = sourcecode.swift; path = GFItemInfoView.swift; sourceTree = "<group>"; };
		3628ACA62B838CF9002C0676 /* GFItemInfoVC.swift */ = {isa = PBXFileReference; lastKnownFileType = sourcecode.swift; path = GFItemInfoVC.swift; sourceTree = "<group>"; };
		3628ACA82B8390C0002C0676 /* GFRepoItemVC.swift */ = {isa = PBXFileReference; lastKnownFileType = sourcecode.swift; path = GFRepoItemVC.swift; sourceTree = "<group>"; };
		3628ACAA2B839320002C0676 /* GFFollowerItemVC.swift */ = {isa = PBXFileReference; lastKnownFileType = sourcecode.swift; path = GFFollowerItemVC.swift; sourceTree = "<group>"; };
		364118502B6E5FFB00305849 /* CGFollowers.app */ = {isa = PBXFileReference; explicitFileType = wrapper.application; includeInIndex = 0; path = CGFollowers.app; sourceTree = BUILT_PRODUCTS_DIR; };
		364118532B6E5FFB00305849 /* AppDelegate.swift */ = {isa = PBXFileReference; lastKnownFileType = sourcecode.swift; path = AppDelegate.swift; sourceTree = "<group>"; };
		364118552B6E5FFB00305849 /* SceneDelegate.swift */ = {isa = PBXFileReference; lastKnownFileType = sourcecode.swift; path = SceneDelegate.swift; sourceTree = "<group>"; };
		3641185C2B6E5FFC00305849 /* Assets.xcassets */ = {isa = PBXFileReference; lastKnownFileType = folder.assetcatalog; path = Assets.xcassets; sourceTree = "<group>"; };
		3641185F2B6E5FFC00305849 /* Base */ = {isa = PBXFileReference; lastKnownFileType = file.storyboard; name = Base; path = Base.lproj/LaunchScreen.storyboard; sourceTree = "<group>"; };
		364118612B6E5FFC00305849 /* Info.plist */ = {isa = PBXFileReference; lastKnownFileType = text.plist.xml; path = Info.plist; sourceTree = "<group>"; };
		364118672B6E630A00305849 /* SearchVC.swift */ = {isa = PBXFileReference; lastKnownFileType = sourcecode.swift; path = SearchVC.swift; sourceTree = "<group>"; };
		364118692B6E634600305849 /* FavoritesListVC.swift */ = {isa = PBXFileReference; lastKnownFileType = sourcecode.swift; path = FavoritesListVC.swift; sourceTree = "<group>"; };
		3647C3AB2B8570FA009F0A7C /* GFAlertContainerView.swift */ = {isa = PBXFileReference; lastKnownFileType = sourcecode.swift; path = GFAlertContainerView.swift; sourceTree = "<group>"; };
		3647C3AD2B857F68009F0A7C /* GFDataLoadingVC.swift */ = {isa = PBXFileReference; lastKnownFileType = sourcecode.swift; path = GFDataLoadingVC.swift; sourceTree = "<group>"; };
		36AE76272B83C96200D17C64 /* Date+Ext..swift */ = {isa = PBXFileReference; lastKnownFileType = sourcecode.swift; path = "Date+Ext..swift"; sourceTree = "<group>"; };
		36AE762B2B84E8B700D17C64 /* PersistenceManager.swift */ = {isa = PBXFileReference; lastKnownFileType = sourcecode.swift; path = PersistenceManager.swift; sourceTree = "<group>"; };
		36AE762F2B855ADB00D17C64 /* FavoriteCell.swift */ = {isa = PBXFileReference; lastKnownFileType = sourcecode.swift; path = FavoriteCell.swift; sourceTree = "<group>"; };
		36AE76312B85663400D17C64 /* GFTabBarController.swift */ = {isa = PBXFileReference; lastKnownFileType = sourcecode.swift; path = GFTabBarController.swift; sourceTree = "<group>"; };
		36C8ED8C2B702777008F91D5 /* GFButton.swift */ = {isa = PBXFileReference; lastKnownFileType = sourcecode.swift; path = GFButton.swift; sourceTree = "<group>"; };
		36C8ED8E2B702AAB008F91D5 /* GFTextField.swift */ = {isa = PBXFileReference; lastKnownFileType = sourcecode.swift; path = GFTextField.swift; sourceTree = "<group>"; };
		36C8ED902B7038FD008F91D5 /* FollowerListVC.swift */ = {isa = PBXFileReference; lastKnownFileType = sourcecode.swift; path = FollowerListVC.swift; sourceTree = "<group>"; };
		36C8ED922B704CF1008F91D5 /* GFTitleLabel.swift */ = {isa = PBXFileReference; lastKnownFileType = sourcecode.swift; path = GFTitleLabel.swift; sourceTree = "<group>"; };
		36C8ED942B704E8D008F91D5 /* GFBodyLabel.swift */ = {isa = PBXFileReference; lastKnownFileType = sourcecode.swift; path = GFBodyLabel.swift; sourceTree = "<group>"; };
		36C8ED962B704F55008F91D5 /* GFAlertVC.swift */ = {isa = PBXFileReference; lastKnownFileType = sourcecode.swift; path = GFAlertVC.swift; sourceTree = "<group>"; };
		36C8ED982B70E1E7008F91D5 /* UIViewController+Ext.swift */ = {isa = PBXFileReference; lastKnownFileType = sourcecode.swift; path = "UIViewController+Ext.swift"; sourceTree = "<group>"; };
		36C8ED9F2B70E7E2008F91D5 /* Follower.swift */ = {isa = PBXFileReference; lastKnownFileType = sourcecode.swift; path = Follower.swift; sourceTree = "<group>"; };
		36C8EDA12B70E861008F91D5 /* User.swift */ = {isa = PBXFileReference; lastKnownFileType = sourcecode.swift; path = User.swift; sourceTree = "<group>"; };
		36C8EDA42B70ED30008F91D5 /* NetworkManager.swift */ = {isa = PBXFileReference; lastKnownFileType = sourcecode.swift; path = NetworkManager.swift; sourceTree = "<group>"; };
		36C8EDA72B71043A008F91D5 /* ErrorMessage.swift */ = {isa = PBXFileReference; lastKnownFileType = sourcecode.swift; path = ErrorMessage.swift; sourceTree = "<group>"; };
		36C8EDAB2B711100008F91D5 /* FollowerCell.swift */ = {isa = PBXFileReference; lastKnownFileType = sourcecode.swift; path = FollowerCell.swift; sourceTree = "<group>"; };
		36C8EDAD2B711245008F91D5 /* GFAvatarImageView.swift */ = {isa = PBXFileReference; lastKnownFileType = sourcecode.swift; path = GFAvatarImageView.swift; sourceTree = "<group>"; };
/* End PBXFileReference section */

/* Begin PBXFrameworksBuildPhase section */
		3641184D2B6E5FFB00305849 /* Frameworks */ = {
			isa = PBXFrameworksBuildPhase;
			buildActionMask = 2147483647;
			files = (
			);
			runOnlyForDeploymentPostprocessing = 0;
		};
/* End PBXFrameworksBuildPhase section */

/* Begin PBXGroup section */
		3628AC942B816E8A002C0676 /* TextFields */ = {
			isa = PBXGroup;
			children = (
				36C8ED8E2B702AAB008F91D5 /* GFTextField.swift */,
			);
			path = TextFields;
			sourceTree = "<group>";
		};
		3628AC952B816E9C002C0676 /* ImageViews */ = {
			isa = PBXGroup;
			children = (
				36C8EDAD2B711245008F91D5 /* GFAvatarImageView.swift */,
			);
			path = ImageViews;
			sourceTree = "<group>";
		};
		3628AC962B816EAC002C0676 /* ViewControllers */ = {
			isa = PBXGroup;
			children = (
				3628ACAC2B839376002C0676 /* ItemInfoVCa */,
				36C8ED962B704F55008F91D5 /* GFAlertVC.swift */,
				3628ACA02B836EAE002C0676 /* GFUserInfoHeaderVC.swift */,
			);
			path = ViewControllers;
			sourceTree = "<group>";
		};
		3628AC972B816EC8002C0676 /* Buttons */ = {
			isa = PBXGroup;
			children = (
				36C8ED8C2B702777008F91D5 /* GFButton.swift */,
			);
			path = Buttons;
			sourceTree = "<group>";
		};
		3628AC982B816EE2002C0676 /* Labels */ = {
			isa = PBXGroup;
			children = (
				36C8ED942B704E8D008F91D5 /* GFBodyLabel.swift */,
				36C8ED922B704CF1008F91D5 /* GFTitleLabel.swift */,
				3628AC9E2B836DCD002C0676 /* GFSecondaryTitleLabel.swift */,
			);
			path = Labels;
			sourceTree = "<group>";
		};
		3628AC992B816F10002C0676 /* Views */ = {
			isa = PBXGroup;
			children = (
				3628AC9A2B816F2B002C0676 /* GFEmptyStateView.swift */,
				3628ACA42B83845A002C0676 /* GFItemInfoView.swift */,
				3647C3AB2B8570FA009F0A7C /* GFAlertContainerView.swift */,
			);
			path = Views;
			sourceTree = "<group>";
		};
		3628ACAC2B839376002C0676 /* ItemInfoVCa */ = {
			isa = PBXGroup;
			children = (
				3647C3AD2B857F68009F0A7C /* GFDataLoadingVC.swift */,
				3628ACA62B838CF9002C0676 /* GFItemInfoVC.swift */,
				3628ACA82B8390C0002C0676 /* GFRepoItemVC.swift */,
				3628ACAA2B839320002C0676 /* GFFollowerItemVC.swift */,
			);
			path = ItemInfoVCa;
			sourceTree = "<group>";
		};
		364118472B6E5FFB00305849 = {
			isa = PBXGroup;
			children = (
				364118522B6E5FFB00305849 /* CGFollowers */,
				364118512B6E5FFB00305849 /* Products */,
			);
			sourceTree = "<group>";
		};
		364118512B6E5FFB00305849 /* Products */ = {
			isa = PBXGroup;
			children = (
				364118502B6E5FFB00305849 /* CGFollowers.app */,
			);
			name = Products;
			sourceTree = "<group>";
		};
		364118522B6E5FFB00305849 /* CGFollowers */ = {
			isa = PBXGroup;
			children = (
				364118612B6E5FFC00305849 /* Info.plist */,
				36C8EDA62B71042B008F91D5 /* Utilities */,
				36C8EDA32B70ED1C008F91D5 /* Managers */,
				36C8ED9E2B70E7D7008F91D5 /* Model */,
				36C8ED9C2B70E5E6008F91D5 /* Extension */,
				36C8ED9B2B70E5BA008F91D5 /* CustomViews */,
				36C8ED9A2B70E58C008F91D5 /* Screens */,
				36C8ED9D2B70E641008F91D5 /* Support */,
			);
			path = CGFollowers;
			sourceTree = "<group>";
		};
		36AE76332B85666C00D17C64 /* TabBarControllers */ = {
			isa = PBXGroup;
			children = (
				36AE76312B85663400D17C64 /* GFTabBarController.swift */,
			);
			path = TabBarControllers;
			sourceTree = "<group>";
		};
		36C8ED9A2B70E58C008F91D5 /* Screens */ = {
			isa = PBXGroup;
			children = (
				364118672B6E630A00305849 /* SearchVC.swift */,
				36C8ED902B7038FD008F91D5 /* FollowerListVC.swift */,
				364118692B6E634600305849 /* FavoritesListVC.swift */,
				3628AC9C2B8278CA002C0676 /* UserInfoVC.swift */,
			);
			path = Screens;
			sourceTree = "<group>";
		};
		36C8ED9B2B70E5BA008F91D5 /* CustomViews */ = {
			isa = PBXGroup;
			children = (
				36AE76332B85666C00D17C64 /* TabBarControllers */,
				3628AC992B816F10002C0676 /* Views */,
				3628AC982B816EE2002C0676 /* Labels */,
				3628AC972B816EC8002C0676 /* Buttons */,
				3628AC962B816EAC002C0676 /* ViewControllers */,
				3628AC952B816E9C002C0676 /* ImageViews */,
				3628AC942B816E8A002C0676 /* TextFields */,
				36C8EDAA2B710AE6008F91D5 /* Cells */,
			);
			path = CustomViews;
			sourceTree = "<group>";
		};
		36C8ED9C2B70E5E6008F91D5 /* Extension */ = {
			isa = PBXGroup;
			children = (
				36C8ED982B70E1E7008F91D5 /* UIViewController+Ext.swift */,
				36AE76272B83C96200D17C64 /* Date+Ext..swift */,
			);
			path = Extension;
			sourceTree = "<group>";
		};
		36C8ED9D2B70E641008F91D5 /* Support */ = {
			isa = PBXGroup;
			children = (
				364118532B6E5FFB00305849 /* AppDelegate.swift */,
				364118552B6E5FFB00305849 /* SceneDelegate.swift */,
				3641185C2B6E5FFC00305849 /* Assets.xcassets */,
				3641185E2B6E5FFC00305849 /* LaunchScreen.storyboard */,
			);
			path = Support;
			sourceTree = "<group>";
		};
		36C8ED9E2B70E7D7008F91D5 /* Model */ = {
			isa = PBXGroup;
			children = (
				36C8ED9F2B70E7E2008F91D5 /* Follower.swift */,
				36C8EDA12B70E861008F91D5 /* User.swift */,
			);
			path = Model;
			sourceTree = "<group>";
		};
		36C8EDA32B70ED1C008F91D5 /* Managers */ = {
			isa = PBXGroup;
			children = (
				36C8EDA42B70ED30008F91D5 /* NetworkManager.swift */,
				36AE762B2B84E8B700D17C64 /* PersistenceManager.swift */,
			);
			path = Managers;
			sourceTree = "<group>";
		};
		36C8EDA62B71042B008F91D5 /* Utilities */ = {
			isa = PBXGroup;
			children = (
				36C8EDA72B71043A008F91D5 /* ErrorMessage.swift */,
				3628AC922B7E8CF5002C0676 /* UIHelper.swift */,
				3628ACA22B837455002C0676 /* Constants.swift */,
			);
			path = Utilities;
			sourceTree = "<group>";
		};
		36C8EDAA2B710AE6008F91D5 /* Cells */ = {
			isa = PBXGroup;
			children = (
				36C8EDAB2B711100008F91D5 /* FollowerCell.swift */,
				36AE762F2B855ADB00D17C64 /* FavoriteCell.swift */,
			);
			path = Cells;
			sourceTree = "<group>";
		};
/* End PBXGroup section */

/* Begin PBXNativeTarget section */
		3641184F2B6E5FFB00305849 /* CGFollowers */ = {
			isa = PBXNativeTarget;
			buildConfigurationList = 364118642B6E5FFC00305849 /* Build configuration list for PBXNativeTarget "CGFollowers" */;
			buildPhases = (
				3641184C2B6E5FFB00305849 /* Sources */,
				3641184D2B6E5FFB00305849 /* Frameworks */,
				3641184E2B6E5FFB00305849 /* Resources */,
			);
			buildRules = (
			);
			dependencies = (
			);
			name = CGFollowers;
			productName = CGFollowers;
			productReference = 364118502B6E5FFB00305849 /* CGFollowers.app */;
			productType = "com.apple.product-type.application";
		};
/* End PBXNativeTarget section */

/* Begin PBXProject section */
		364118482B6E5FFB00305849 /* Project object */ = {
			isa = PBXProject;
			attributes = {
				BuildIndependentTargetsInParallel = 1;
				LastSwiftUpdateCheck = 1510;
				LastUpgradeCheck = 1510;
				TargetAttributes = {
					3641184F2B6E5FFB00305849 = {
						CreatedOnToolsVersion = 15.1;
					};
				};
			};
			buildConfigurationList = 3641184B2B6E5FFB00305849 /* Build configuration list for PBXProject "CGFollowers" */;
			compatibilityVersion = "Xcode 15.0";
			developmentRegion = en;
			hasScannedForEncodings = 0;
			knownRegions = (
				en,
				Base,
			);
			mainGroup = 364118472B6E5FFB00305849;
			productRefGroup = 364118512B6E5FFB00305849 /* Products */;
			projectDirPath = "";
			projectRoot = "";
			targets = (
				3641184F2B6E5FFB00305849 /* CGFollowers */,
			);
		};
/* End PBXProject section */

/* Begin PBXResourcesBuildPhase section */
		3641184E2B6E5FFB00305849 /* Resources */ = {
			isa = PBXResourcesBuildPhase;
			buildActionMask = 2147483647;
			files = (
				364118602B6E5FFC00305849 /* LaunchScreen.storyboard in Resources */,
				3641185D2B6E5FFC00305849 /* Assets.xcassets in Resources */,
			);
			runOnlyForDeploymentPostprocessing = 0;
		};
/* End PBXResourcesBuildPhase section */

/* Begin PBXSourcesBuildPhase section */
		3641184C2B6E5FFB00305849 /* Sources */ = {
			isa = PBXSourcesBuildPhase;
			buildActionMask = 2147483647;
			files = (
				36C8EDA22B70E861008F91D5 /* User.swift in Sources */,
				36C8ED8F2B702AAB008F91D5 /* GFTextField.swift in Sources */,
				3641186A2B6E634600305849 /* FavoritesListVC.swift in Sources */,
				36C8ED8D2B702777008F91D5 /* GFButton.swift in Sources */,
				36C8ED992B70E1E7008F91D5 /* UIViewController+Ext.swift in Sources */,
				3628AC932B7E8CF5002C0676 /* UIHelper.swift in Sources */,
				3628ACA72B838CF9002C0676 /* GFItemInfoVC.swift in Sources */,
				3628ACA32B837455002C0676 /* Constants.swift in Sources */,
				36C8EDAE2B711245008F91D5 /* GFAvatarImageView.swift in Sources */,
				3628AC9F2B836DCD002C0676 /* GFSecondaryTitleLabel.swift in Sources */,
				36C8ED952B704E8D008F91D5 /* GFBodyLabel.swift in Sources */,
				3628ACAB2B839320002C0676 /* GFFollowerItemVC.swift in Sources */,
				3628ACA52B83845A002C0676 /* GFItemInfoView.swift in Sources */,
				36AE76302B855ADB00D17C64 /* FavoriteCell.swift in Sources */,
				364118682B6E630A00305849 /* SearchVC.swift in Sources */,
				36AE76322B85663400D17C64 /* GFTabBarController.swift in Sources */,
				36AE76282B83C96200D17C64 /* Date+Ext..swift in Sources */,
				36C8EDAC2B711100008F91D5 /* FollowerCell.swift in Sources */,
				36C8EDA82B71043A008F91D5 /* ErrorMessage.swift in Sources */,
				3647C3AE2B857F68009F0A7C /* GFDataLoadingVC.swift in Sources */,
				36C8ED932B704CF1008F91D5 /* GFTitleLabel.swift in Sources */,
				3647C3AC2B8570FA009F0A7C /* GFAlertContainerView.swift in Sources */,
				36C8EDA02B70E7E2008F91D5 /* Follower.swift in Sources */,
				36C8ED912B7038FD008F91D5 /* FollowerListVC.swift in Sources */,
				36AE762C2B84E8B700D17C64 /* PersistenceManager.swift in Sources */,
				3628AC9B2B816F2B002C0676 /* GFEmptyStateView.swift in Sources */,
				36C8EDA52B70ED30008F91D5 /* NetworkManager.swift in Sources */,
				364118542B6E5FFB00305849 /* AppDelegate.swift in Sources */,
				36C8ED972B704F55008F91D5 /* GFAlertVC.swift in Sources */,
				364118562B6E5FFB00305849 /* SceneDelegate.swift in Sources */,
				3628AC9D2B8278CA002C0676 /* UserInfoVC.swift in Sources */,
				3628ACA92B8390C0002C0676 /* GFRepoItemVC.swift in Sources */,
				3628ACA12B836EAE002C0676 /* GFUserInfoHeaderVC.swift in Sources */,
			);
			runOnlyForDeploymentPostprocessing = 0;
		};
/* End PBXSourcesBuildPhase section */

/* Begin PBXVariantGroup section */
		3641185E2B6E5FFC00305849 /* LaunchScreen.storyboard */ = {
			isa = PBXVariantGroup;
			children = (
				3641185F2B6E5FFC00305849 /* Base */,
			);
			name = LaunchScreen.storyboard;
			sourceTree = "<group>";
		};
/* End PBXVariantGroup section */

/* Begin XCBuildConfiguration section */
		364118622B6E5FFC00305849 /* Debug */ = {
			isa = XCBuildConfiguration;
			buildSettings = {
				ALWAYS_SEARCH_USER_PATHS = NO;
				ASSETCATALOG_COMPILER_GENERATE_SWIFT_ASSET_SYMBOL_EXTENSIONS = YES;
				CLANG_ANALYZER_NONNULL = YES;
				CLANG_ANALYZER_NUMBER_OBJECT_CONVERSION = YES_AGGRESSIVE;
				CLANG_CXX_LANGUAGE_STANDARD = "gnu++20";
				CLANG_ENABLE_MODULES = YES;
				CLANG_ENABLE_OBJC_ARC = YES;
				CLANG_ENABLE_OBJC_WEAK = YES;
				CLANG_WARN_BLOCK_CAPTURE_AUTORELEASING = YES;
				CLANG_WARN_BOOL_CONVERSION = YES;
				CLANG_WARN_COMMA = YES;
				CLANG_WARN_CONSTANT_CONVERSION = YES;
				CLANG_WARN_DEPRECATED_OBJC_IMPLEMENTATIONS = YES;
				CLANG_WARN_DIRECT_OBJC_ISA_USAGE = YES_ERROR;
				CLANG_WARN_DOCUMENTATION_COMMENTS = YES;
				CLANG_WARN_EMPTY_BODY = YES;
				CLANG_WARN_ENUM_CONVERSION = YES;
				CLANG_WARN_INFINITE_RECURSION = YES;
				CLANG_WARN_INT_CONVERSION = YES;
				CLANG_WARN_NON_LITERAL_NULL_CONVERSION = YES;
				CLANG_WARN_OBJC_IMPLICIT_RETAIN_SELF = YES;
				CLANG_WARN_OBJC_LITERAL_CONVERSION = YES;
				CLANG_WARN_OBJC_ROOT_CLASS = YES_ERROR;
				CLANG_WARN_QUOTED_INCLUDE_IN_FRAMEWORK_HEADER = YES;
				CLANG_WARN_RANGE_LOOP_ANALYSIS = YES;
				CLANG_WARN_STRICT_PROTOTYPES = YES;
				CLANG_WARN_SUSPICIOUS_MOVE = YES;
				CLANG_WARN_UNGUARDED_AVAILABILITY = YES_AGGRESSIVE;
				CLANG_WARN_UNREACHABLE_CODE = YES;
				CLANG_WARN__DUPLICATE_METHOD_MATCH = YES;
				COPY_PHASE_STRIP = NO;
				DEBUG_INFORMATION_FORMAT = dwarf;
				ENABLE_STRICT_OBJC_MSGSEND = YES;
				ENABLE_TESTABILITY = YES;
				ENABLE_USER_SCRIPT_SANDBOXING = YES;
				GCC_C_LANGUAGE_STANDARD = gnu17;
				GCC_DYNAMIC_NO_PIC = NO;
				GCC_NO_COMMON_BLOCKS = YES;
				GCC_OPTIMIZATION_LEVEL = 0;
				GCC_PREPROCESSOR_DEFINITIONS = (
					"DEBUG=1",
					"$(inherited)",
				);
				GCC_WARN_64_TO_32_BIT_CONVERSION = YES;
				GCC_WARN_ABOUT_RETURN_TYPE = YES_ERROR;
				GCC_WARN_UNDECLARED_SELECTOR = YES;
				GCC_WARN_UNINITIALIZED_AUTOS = YES_AGGRESSIVE;
				GCC_WARN_UNUSED_FUNCTION = YES;
				GCC_WARN_UNUSED_VARIABLE = YES;
				IPHONEOS_DEPLOYMENT_TARGET = 17.2;
				LOCALIZATION_PREFERS_STRING_CATALOGS = YES;
				MTL_ENABLE_DEBUG_INFO = INCLUDE_SOURCE;
				MTL_FAST_MATH = YES;
				ONLY_ACTIVE_ARCH = YES;
				SDKROOT = iphoneos;
				SWIFT_ACTIVE_COMPILATION_CONDITIONS = "DEBUG $(inherited)";
				SWIFT_OPTIMIZATION_LEVEL = "-Onone";
			};
			name = Debug;
		};
		364118632B6E5FFC00305849 /* Release */ = {
			isa = XCBuildConfiguration;
			buildSettings = {
				ALWAYS_SEARCH_USER_PATHS = NO;
				ASSETCATALOG_COMPILER_GENERATE_SWIFT_ASSET_SYMBOL_EXTENSIONS = YES;
				CLANG_ANALYZER_NONNULL = YES;
				CLANG_ANALYZER_NUMBER_OBJECT_CONVERSION = YES_AGGRESSIVE;
				CLANG_CXX_LANGUAGE_STANDARD = "gnu++20";
				CLANG_ENABLE_MODULES = YES;
				CLANG_ENABLE_OBJC_ARC = YES;
				CLANG_ENABLE_OBJC_WEAK = YES;
				CLANG_WARN_BLOCK_CAPTURE_AUTORELEASING = YES;
				CLANG_WARN_BOOL_CONVERSION = YES;
				CLANG_WARN_COMMA = YES;
				CLANG_WARN_CONSTANT_CONVERSION = YES;
				CLANG_WARN_DEPRECATED_OBJC_IMPLEMENTATIONS = YES;
				CLANG_WARN_DIRECT_OBJC_ISA_USAGE = YES_ERROR;
				CLANG_WARN_DOCUMENTATION_COMMENTS = YES;
				CLANG_WARN_EMPTY_BODY = YES;
				CLANG_WARN_ENUM_CONVERSION = YES;
				CLANG_WARN_INFINITE_RECURSION = YES;
				CLANG_WARN_INT_CONVERSION = YES;
				CLANG_WARN_NON_LITERAL_NULL_CONVERSION = YES;
				CLANG_WARN_OBJC_IMPLICIT_RETAIN_SELF = YES;
				CLANG_WARN_OBJC_LITERAL_CONVERSION = YES;
				CLANG_WARN_OBJC_ROOT_CLASS = YES_ERROR;
				CLANG_WARN_QUOTED_INCLUDE_IN_FRAMEWORK_HEADER = YES;
				CLANG_WARN_RANGE_LOOP_ANALYSIS = YES;
				CLANG_WARN_STRICT_PROTOTYPES = YES;
				CLANG_WARN_SUSPICIOUS_MOVE = YES;
				CLANG_WARN_UNGUARDED_AVAILABILITY = YES_AGGRESSIVE;
				CLANG_WARN_UNREACHABLE_CODE = YES;
				CLANG_WARN__DUPLICATE_METHOD_MATCH = YES;
				COPY_PHASE_STRIP = NO;
				DEBUG_INFORMATION_FORMAT = "dwarf-with-dsym";
				ENABLE_NS_ASSERTIONS = NO;
				ENABLE_STRICT_OBJC_MSGSEND = YES;
				ENABLE_USER_SCRIPT_SANDBOXING = YES;
				GCC_C_LANGUAGE_STANDARD = gnu17;
				GCC_NO_COMMON_BLOCKS = YES;
				GCC_WARN_64_TO_32_BIT_CONVERSION = YES;
				GCC_WARN_ABOUT_RETURN_TYPE = YES_ERROR;
				GCC_WARN_UNDECLARED_SELECTOR = YES;
				GCC_WARN_UNINITIALIZED_AUTOS = YES_AGGRESSIVE;
				GCC_WARN_UNUSED_FUNCTION = YES;
				GCC_WARN_UNUSED_VARIABLE = YES;
				IPHONEOS_DEPLOYMENT_TARGET = 17.2;
				LOCALIZATION_PREFERS_STRING_CATALOGS = YES;
				MTL_ENABLE_DEBUG_INFO = NO;
				MTL_FAST_MATH = YES;
				SDKROOT = iphoneos;
				SWIFT_COMPILATION_MODE = wholemodule;
				VALIDATE_PRODUCT = YES;
			};
			name = Release;
		};
		364118652B6E5FFC00305849 /* Debug */ = {
			isa = XCBuildConfiguration;
			buildSettings = {
				ASSETCATALOG_COMPILER_APPICON_NAME = AppIcon;
				ASSETCATALOG_COMPILER_GLOBAL_ACCENT_COLOR_NAME = AccentColor;
				CODE_SIGN_STYLE = Automatic;
				CURRENT_PROJECT_VERSION = 1;
				DEVELOPMENT_TEAM = 3V5VP83338;
				GENERATE_INFOPLIST_FILE = YES;
				INFOPLIST_FILE = CGFollowers/Info.plist;
				INFOPLIST_KEY_CFBundleDisplayName = CGFollowers;
				INFOPLIST_KEY_UIApplicationSupportsIndirectInputEvents = YES;
				INFOPLIST_KEY_UILaunchStoryboardName = LaunchScreen;
				INFOPLIST_KEY_UISupportedInterfaceOrientations = UIInterfaceOrientationPortrait;
				INFOPLIST_KEY_UISupportedInterfaceOrientations_iPad = "UIInterfaceOrientationLandscapeLeft UIInterfaceOrientationLandscapeRight UIInterfaceOrientationPortrait UIInterfaceOrientationPortraitUpsideDown";
				LD_RUNPATH_SEARCH_PATHS = (
					"$(inherited)",
					"@executable_path/Frameworks",
				);
				MARKETING_VERSION = 1.0;
				PRODUCT_BUNDLE_IDENTIFIER = com.beyza.CGFollowers;
				PRODUCT_NAME = "$(TARGET_NAME)";
				SUPPORTED_PLATFORMS = "iphoneos iphonesimulator";
				SUPPORTS_MACCATALYST = NO;
				SWIFT_EMIT_LOC_STRINGS = YES;
				SWIFT_VERSION = 5.0;
				TARGETED_DEVICE_FAMILY = 1;
			};
			name = Debug;
		};
		364118662B6E5FFC00305849 /* Release */ = {
			isa = XCBuildConfiguration;
			buildSettings = {
				ASSETCATALOG_COMPILER_APPICON_NAME = AppIcon;
				ASSETCATALOG_COMPILER_GLOBAL_ACCENT_COLOR_NAME = AccentColor;
				CODE_SIGN_STYLE = Automatic;
				CURRENT_PROJECT_VERSION = 1;
				DEVELOPMENT_TEAM = 3V5VP83338;
				GENERATE_INFOPLIST_FILE = YES;
				INFOPLIST_FILE = CGFollowers/Info.plist;
				INFOPLIST_KEY_CFBundleDisplayName = CGFollowers;
				INFOPLIST_KEY_UIApplicationSupportsIndirectInputEvents = YES;
				INFOPLIST_KEY_UILaunchStoryboardName = LaunchScreen;
				INFOPLIST_KEY_UISupportedInterfaceOrientations = UIInterfaceOrientationPortrait;
				INFOPLIST_KEY_UISupportedInterfaceOrientations_iPad = "UIInterfaceOrientationLandscapeLeft UIInterfaceOrientationLandscapeRight UIInterfaceOrientationPortrait UIInterfaceOrientationPortraitUpsideDown";
				LD_RUNPATH_SEARCH_PATHS = (
					"$(inherited)",
					"@executable_path/Frameworks",
				);
				MARKETING_VERSION = 1.0;
				PRODUCT_BUNDLE_IDENTIFIER = com.beyza.CGFollowers;
				PRODUCT_NAME = "$(TARGET_NAME)";
				SUPPORTED_PLATFORMS = "iphoneos iphonesimulator";
				SUPPORTS_MACCATALYST = NO;
				SWIFT_EMIT_LOC_STRINGS = YES;
				SWIFT_VERSION = 5.0;
				TARGETED_DEVICE_FAMILY = 1;
			};
			name = Release;
		};
/* End XCBuildConfiguration section */

/* Begin XCConfigurationList section */
		3641184B2B6E5FFB00305849 /* Build configuration list for PBXProject "CGFollowers" */ = {
			isa = XCConfigurationList;
			buildConfigurations = (
				364118622B6E5FFC00305849 /* Debug */,
				364118632B6E5FFC00305849 /* Release */,
			);
			defaultConfigurationIsVisible = 0;
			defaultConfigurationName = Release;
		};
		364118642B6E5FFC00305849 /* Build configuration list for PBXNativeTarget "CGFollowers" */ = {
			isa = XCConfigurationList;
			buildConfigurations = (
				364118652B6E5FFC00305849 /* Debug */,
				364118662B6E5FFC00305849 /* Release */,
			);
			defaultConfigurationIsVisible = 0;
			defaultConfigurationName = Release;
		};
/* End XCConfigurationList section */
	};
	rootObject = 364118482B6E5FFB00305849 /* Project object */;
}
